
Microsoft Visual Studio Solution File, Format Version 12.00
# Visual Studio Version 16
VisualStudioVersion = 16.0.29102.190
MinimumVisualStudioVersion = 10.0.40219.1
Project("{9A19103F-16F7-4668-BE54-9A1E7A4F7556}") = "DesignPatterns.Implementations", "DesignPatterns.Implementations\DesignPatterns.Implementations.csproj", "{BC8F2961-1BEE-4080-ACF1-F6FB7987BD0F}"
EndProject
Project("{9A19103F-16F7-4668-BE54-9A1E7A4F7556}") = "DesignPatterns.Console", "DesingPatterns.Console\DesignPatterns.Console.csproj", "{916DD456-F43B-4DC5-8FBF-7925980BF7CD}"
EndProject
Global
	GlobalSection(SolutionConfigurationPlatforms) = preSolution
		Debug|Any CPU = Debug|Any CPU
		Release|Any CPU = Release|Any CPU
	EndGlobalSection
	GlobalSection(ProjectConfigurationPlatforms) = postSolution
		{BC8F2961-1BEE-4080-ACF1-F6FB7987BD0F}.Debug|Any CPU.ActiveCfg = Debug|Any CPU
		{BC8F2961-1BEE-4080-ACF1-F6FB7987BD0F}.Debug|Any CPU.Build.0 = Debug|Any CPU
		{BC8F2961-1BEE-4080-ACF1-F6FB7987BD0F}.Release|Any CPU.ActiveCfg = Release|Any CPU
		{BC8F2961-1BEE-4080-ACF1-F6FB7987BD0F}.Release|Any CPU.Build.0 = Release|Any CPU
		{916DD456-F43B-4DC5-8FBF-7925980BF7CD}.Debug|Any CPU.ActiveCfg = Debug|Any CPU
		{916DD456-F43B-4DC5-8FBF-7925980BF7CD}.Debug|Any CPU.Build.0 = Debug|Any CPU
		{916DD456-F43B-4DC5-8FBF-7925980BF7CD}.Release|Any CPU.ActiveCfg = Release|Any CPU
		{916DD456-F43B-4DC5-8FBF-7925980BF7CD}.Release|Any CPU.Build.0 = Release|Any CPU
	EndGlobalSection
	GlobalSection(SolutionProperties) = preSolution
		HideSolutionNode = FALSE
	EndGlobalSection
	GlobalSection(ExtensibilityGlobals) = postSolution
		SolutionGuid = {53B6914D-8CBD-44F9-AB95-9766164CCCB1}
	EndGlobalSection
EndGlobal
